// !$*UTF8*$!
{
	archiveVersion = 1;
	classes = {
	};
	objectVersion = 46;
	objects = {

/* Begin PBXBuildFile section */
		899A7FB119887FCC00F0597C /* Foundation.framework in Frameworks */ = {isa = PBXBuildFile; fileRef = 899A7FB019887FCC00F0597C /* Foundation.framework */; };
		899A7FB319887FCC00F0597C /* CoreGraphics.framework in Frameworks */ = {isa = PBXBuildFile; fileRef = 899A7FB219887FCC00F0597C /* CoreGraphics.framework */; };
		899A7FB519887FCC00F0597C /* UIKit.framework in Frameworks */ = {isa = PBXBuildFile; fileRef = 899A7FB419887FCC00F0597C /* UIKit.framework */; };
		899A7FBB19887FCC00F0597C /* InfoPlist.strings in Resources */ = {isa = PBXBuildFile; fileRef = 899A7FB919887FCC00F0597C /* InfoPlist.strings */; };
		899A7FBD19887FCC00F0597C /* main.m in Sources */ = {isa = PBXBuildFile; fileRef = 899A7FBC19887FCC00F0597C /* main.m */; };
		899A7FC119887FCC00F0597C /* CAAppDelegate.m in Sources */ = {isa = PBXBuildFile; fileRef = 899A7FC019887FCC00F0597C /* CAAppDelegate.m */; };
		899A7FC419887FCC00F0597C /* Main.storyboard in Resources */ = {isa = PBXBuildFile; fileRef = 899A7FC219887FCC00F0597C /* Main.storyboard */; };
		899A7FC719887FCC00F0597C /* CAViewController.m in Sources */ = {isa = PBXBuildFile; fileRef = 899A7FC619887FCC00F0597C /* CAViewController.m */; };
		899A7FC919887FCC00F0597C /* Images.xcassets in Resources */ = {isa = PBXBuildFile; fileRef = 899A7FC819887FCC00F0597C /* Images.xcassets */; };
		899A7FD019887FCC00F0597C /* XCTest.framework in Frameworks */ = {isa = PBXBuildFile; fileRef = 899A7FCF19887FCC00F0597C /* XCTest.framework */; };
		899A7FD119887FCC00F0597C /* Foundation.framework in Frameworks */ = {isa = PBXBuildFile; fileRef = 899A7FB019887FCC00F0597C /* Foundation.framework */; };
		899A7FD219887FCC00F0597C /* UIKit.framework in Frameworks */ = {isa = PBXBuildFile; fileRef = 899A7FB419887FCC00F0597C /* UIKit.framework */; };
		899A7FDA19887FCC00F0597C /* InfoPlist.strings in Resources */ = {isa = PBXBuildFile; fileRef = 899A7FD819887FCC00F0597C /* InfoPlist.strings */; };
		899A7FDC19887FCC00F0597C /* StoryboardingTests.m in Sources */ = {isa = PBXBuildFile; fileRef = 899A7FDB19887FCC00F0597C /* StoryboardingTests.m */; };
/* End PBXBuildFile section */

/* Begin PBXContainerItemProxy section */
		899A7FD319887FCC00F0597C /* PBXContainerItemProxy */ = {
			isa = PBXContainerItemProxy;
			containerPortal = 899A7FA519887FCC00F0597C /* Project object */;
			proxyType = 1;
			remoteGlobalIDString = 899A7FAC19887FCC00F0597C;
			remoteInfo = Storyboarding;
		};
/* End PBXContainerItemProxy section */

/* Begin PBXFileReference section */
		899A7FAD19887FCC00F0597C /* Storyboarding.app */ = {isa = PBXFileReference; explicitFileType = wrapper.application; includeInIndex = 0; path = Storyboarding.app; sourceTree = BUILT_PRODUCTS_DIR; };
		899A7FB019887FCC00F0597C /* Foundation.framework */ = {isa = PBXFileReference; lastKnownFileType = wrapper.framework; name = Foundation.framework; path = System/Library/Frameworks/Foundation.framework; sourceTree = SDKROOT; };
		899A7FB219887FCC00F0597C /* CoreGraphics.framework */ = {isa = PBXFileReference; lastKnownFileType = wrapper.framework; name = CoreGraphics.framework; path = System/Library/Frameworks/CoreGraphics.framework; sourceTree = SDKROOT; };
		899A7FB419887FCC00F0597C /* UIKit.framework */ = {isa = PBXFileReference; lastKnownFileType = wrapper.framework; name = UIKit.framework; path = System/Library/Frameworks/UIKit.framework; sourceTree = SDKROOT; };
		899A7FB819887FCC00F0597C /* Storyboarding-Info.plist */ = {isa = PBXFileReference; lastKnownFileType = text.plist.xml; path = "Storyboarding-Info.plist"; sourceTree = "<group>"; };
		899A7FBA19887FCC00F0597C /* en */ = {isa = PBXFileReference; lastKnownFileType = text.plist.strings; name = en; path = en.lproj/InfoPlist.strings; sourceTree = "<group>"; };
		899A7FBC19887FCC00F0597C /* main.m */ = {isa = PBXFileReference; lastKnownFileType = sourcecode.c.objc; path = main.m; sourceTree = "<group>"; };
		899A7FBE19887FCC00F0597C /* Storyboarding-Prefix.pch */ = {isa = PBXFileReference; lastKnownFileType = sourcecode.c.h; path = "Storyboarding-Prefix.pch"; sourceTree = "<group>"; };
		899A7FBF19887FCC00F0597C /* CAAppDelegate.h */ = {isa = PBXFileReference; lastKnownFileType = sourcecode.c.h; path = CAAppDelegate.h; sourceTree = "<group>"; };
		899A7FC019887FCC00F0597C /* CAAppDelegate.m */ = {isa = PBXFileReference; lastKnownFileType = sourcecode.c.objc; path = CAAppDelegate.m; sourceTree = "<group>"; };
		899A7FC319887FCC00F0597C /* Base */ = {isa = PBXFileReference; lastKnownFileType = file.storyboard; name = Base; path = Base.lproj/Main.storyboard; sourceTree = "<group>"; };
		899A7FC519887FCC00F0597C /* CAViewController.h */ = {isa = PBXFileReference; lastKnownFileType = sourcecode.c.h; path = CAViewController.h; sourceTree = "<group>"; };
		899A7FC619887FCC00F0597C /* CAViewController.m */ = {isa = PBXFileReference; lastKnownFileType = sourcecode.c.objc; path = CAViewController.m; sourceTree = "<group>"; };
		899A7FC819887FCC00F0597C /* Images.xcassets */ = {isa = PBXFileReference; lastKnownFileType = folder.assetcatalog; path = Images.xcassets; sourceTree = "<group>"; };
		899A7FCE19887FCC00F0597C /* StoryboardingTests.xctest */ = {isa = PBXFileReference; explicitFileType = wrapper.cfbundle; includeInIndex = 0; path = StoryboardingTests.xctest; sourceTree = BUILT_PRODUCTS_DIR; };
		899A7FCF19887FCC00F0597C /* XCTest.framework */ = {isa = PBXFileReference; lastKnownFileType = wrapper.framework; name = XCTest.framework; path = Library/Frameworks/XCTest.framework; sourceTree = DEVELOPER_DIR; };
		899A7FD719887FCC00F0597C /* StoryboardingTests-Info.plist */ = {isa = PBXFileReference; lastKnownFileType = text.plist.xml; path = "StoryboardingTests-Info.plist"; sourceTree = "<group>"; };
		899A7FD919887FCC00F0597C /* en */ = {isa = PBXFileReference; lastKnownFileType = text.plist.strings; name = en; path = en.lproj/InfoPlist.strings; sourceTree = "<group>"; };
		899A7FDB19887FCC00F0597C /* StoryboardingTests.m */ = {isa = PBXFileReference; lastKnownFileType = sourcecode.c.objc; path = StoryboardingTests.m; sourceTree = "<group>"; };
/* End PBXFileReference section */

/* Begin PBXFrameworksBuildPhase section */
		899A7FAA19887FCC00F0597C /* Frameworks */ = {
			isa = PBXFrameworksBuildPhase;
			buildActionMask = 2147483647;
			files = (
				899A7FB319887FCC00F0597C /* CoreGraphics.framework in Frameworks */,
				899A7FB519887FCC00F0597C /* UIKit.framework in Frameworks */,
				899A7FB119887FCC00F0597C /* Foundation.framework in Frameworks */,
			);
			runOnlyForDeploymentPostprocessing = 0;
		};
		899A7FCB19887FCC00F0597C /* Frameworks */ = {
			isa = PBXFrameworksBuildPhase;
			buildActionMask = 2147483647;
			files = (
				899A7FD019887FCC00F0597C /* XCTest.framework in Frameworks */,
				899A7FD219887FCC00F0597C /* UIKit.framework in Frameworks */,
				899A7FD119887FCC00F0597C /* Foundation.framework in Frameworks */,
			);
			runOnlyForDeploymentPostprocessing = 0;
		};
/* End PBXFrameworksBuildPhase section */

/* Begin PBXGroup section */
		899A7FA419887FCC00F0597C = {
			isa = PBXGroup;
			children = (
				899A7FB619887FCC00F0597C /* Storyboarding */,
				899A7FD519887FCC00F0597C /* StoryboardingTests */,
				899A7FAF19887FCC00F0597C /* Frameworks */,
				899A7FAE19887FCC00F0597C /* Products */,
			);
			sourceTree = "<group>";
		};
		899A7FAE19887FCC00F0597C /* Products */ = {
			isa = PBXGroup;
			children = (
				899A7FAD19887FCC00F0597C /* Storyboarding.app */,
				899A7FCE19887FCC00F0597C /* StoryboardingTests.xctest */,
			);
			name = Products;
			sourceTree = "<group>";
		};
		899A7FAF19887FCC00F0597C /* Frameworks */ = {
			isa = PBXGroup;
			children = (
				899A7FB019887FCC00F0597C /* Foundation.framework */,
				899A7FB219887FCC00F0597C /* CoreGraphics.framework */,
				899A7FB419887FCC00F0597C /* UIKit.framework */,
				899A7FCF19887FCC00F0597C /* XCTest.framework */,
			);
			name = Frameworks;
			sourceTree = "<group>";
		};
		899A7FB619887FCC00F0597C /* Storyboarding */ = {
			isa = PBXGroup;
			children = (
				899A7FBF19887FCC00F0597C /* CAAppDelegate.h */,
				899A7FC019887FCC00F0597C /* CAAppDelegate.m */,
				899A7FC219887FCC00F0597C /* Main.storyboard */,
				899A7FC519887FCC00F0597C /* CAViewController.h */,
				899A7FC619887FCC00F0597C /* CAViewController.m */,
				899A7FC819887FCC00F0597C /* Images.xcassets */,
				899A7FB719887FCC00F0597C /* Supporting Files */,
			);
			path = Storyboarding;
			sourceTree = "<group>";
		};
		899A7FB719887FCC00F0597C /* Supporting Files */ = {
			isa = PBXGroup;
			children = (
				899A7FB819887FCC00F0597C /* Storyboarding-Info.plist */,
				899A7FB919887FCC00F0597C /* InfoPlist.strings */,
				899A7FBC19887FCC00F0597C /* main.m */,
				899A7FBE19887FCC00F0597C /* Storyboarding-Prefix.pch */,
			);
			name = "Supporting Files";
			sourceTree = "<group>";
		};
		899A7FD519887FCC00F0597C /* StoryboardingTests */ = {
			isa = PBXGroup;
			children = (
				899A7FDB19887FCC00F0597C /* StoryboardingTests.m */,
				899A7FD619887FCC00F0597C /* Supporting Files */,
			);
			path = StoryboardingTests;
			sourceTree = "<group>";
		};
		899A7FD619887FCC00F0597C /* Supporting Files */ = {
			isa = PBXGroup;
			children = (
				899A7FD719887FCC00F0597C /* StoryboardingTests-Info.plist */,
				899A7FD819887FCC00F0597C /* InfoPlist.strings */,
			);
			name = "Supporting Files";
			sourceTree = "<group>";
		};
/* End PBXGroup section */

/* Begin PBXNativeTarget section */
		899A7FAC19887FCC00F0597C /* Storyboarding */ = {
			isa = PBXNativeTarget;
			buildConfigurationList = 899A7FDF19887FCC00F0597C /* Build configuration list for PBXNativeTarget "Storyboarding" */;
			buildPhases = (
				899A7FA919887FCC00F0597C /* Sources */,
				899A7FAA19887FCC00F0597C /* Frameworks */,
				899A7FAB19887FCC00F0597C /* Resources */,
			);
			buildRules = (
			);
			dependencies = (
			);
			name = Storyboarding;
			productName = Storyboarding;
			productReference = 899A7FAD19887FCC00F0597C /* Storyboarding.app */;
			productType = "com.apple.product-type.application";
		};
		899A7FCD19887FCC00F0597C /* StoryboardingTests */ = {
			isa = PBXNativeTarget;
			buildConfigurationList = 899A7FE219887FCC00F0597C /* Build configuration list for PBXNativeTarget "StoryboardingTests" */;
			buildPhases = (
				899A7FCA19887FCC00F0597C /* Sources */,
				899A7FCB19887FCC00F0597C /* Frameworks */,
				899A7FCC19887FCC00F0597C /* Resources */,
			);
			buildRules = (
			);
			dependencies = (
				899A7FD419887FCC00F0597C /* PBXTargetDependency */,
			);
			name = StoryboardingTests;
			productName = StoryboardingTests;
			productReference = 899A7FCE19887FCC00F0597C /* StoryboardingTests.xctest */;
			productType = "com.apple.product-type.bundle.unit-test";
		};
/* End PBXNativeTarget section */

/* Begin PBXProject section */
		899A7FA519887FCC00F0597C /* Project object */ = {
			isa = PBXProject;
			attributes = {
				CLASSPREFIX = CA;
				LastUpgradeCheck = 0510;
				ORGANIZATIONNAME = ChildhoodAndy;
				TargetAttributes = {
					899A7FCD19887FCC00F0597C = {
						TestTargetID = 899A7FAC19887FCC00F0597C;
					};
				};
			};
			buildConfigurationList = 899A7FA819887FCC00F0597C /* Build configuration list for PBXProject "Storyboarding" */;
			compatibilityVersion = "Xcode 3.2";
			developmentRegion = English;
			hasScannedForEncodings = 0;
			knownRegions = (
				en,
				Base,
			);
			mainGroup = 899A7FA419887FCC00F0597C;
			productRefGroup = 899A7FAE19887FCC00F0597C /* Products */;
			projectDirPath = "";
			projectRoot = "";
			targets = (
				899A7FAC19887FCC00F0597C /* Storyboarding */,
				899A7FCD19887FCC00F0597C /* StoryboardingTests */,
			);
		};
/* End PBXProject section */

/* Begin PBXResourcesBuildPhase section */
		899A7FAB19887FCC00F0597C /* Resources */ = {
			isa = PBXResourcesBuildPhase;
			buildActionMask = 2147483647;
			files = (
				899A7FC919887FCC00F0597C /* Images.xcassets in Resources */,
				899A7FBB19887FCC00F0597C /* InfoPlist.strings in Resources */,
				899A7FC419887FCC00F0597C /* Main.storyboard in Resources */,
			);
			runOnlyForDeploymentPostprocessing = 0;
		};
		899A7FCC19887FCC00F0597C /* Resources */ = {
			isa = PBXResourcesBuildPhase;
			buildActionMask = 2147483647;
			files = (
				899A7FDA19887FCC00F0597C /* InfoPlist.strings in Resources */,
			);
			runOnlyForDeploymentPostprocessing = 0;
		};
/* End PBXResourcesBuildPhase section */

/* Begin PBXSourcesBuildPhase section */
		899A7FA919887FCC00F0597C /* Sources */ = {
			isa = PBXSourcesBuildPhase;
			buildActionMask = 2147483647;
			files = (
				899A7FC119887FCC00F0597C /* CAAppDelegate.m in Sources */,
				899A7FBD19887FCC00F0597C /* main.m in Sources */,
				899A7FC719887FCC00F0597C /* CAViewController.m in Sources */,
			);
			runOnlyForDeploymentPostprocessing = 0;
		};
		899A7FCA19887FCC00F0597C /* Sources */ = {
			isa = PBXSourcesBuildPhase;
			buildActionMask = 2147483647;
			files = (
				899A7FDC19887FCC00F0597C /* StoryboardingTests.m in Sources */,
			);
			runOnlyForDeploymentPostprocessing = 0;
		};
/* End PBXSourcesBuildPhase section */

/* Begin PBXTargetDependency section */
		899A7FD419887FCC00F0597C /* PBXTargetDependency */ = {
			isa = PBXTargetDependency;
			target = 899A7FAC19887FCC00F0597C /* Storyboarding */;
			targetProxy = 899A7FD319887FCC00F0597C /* PBXContainerItemProxy */;
		};
/* End PBXTargetDependency section */

/* Begin PBXVariantGroup section */
		899A7FB919887FCC00F0597C /* InfoPlist.strings */ = {
			isa = PBXVariantGroup;
			children = (
				899A7FBA19887FCC00F0597C /* en */,
			);
			name = InfoPlist.strings;
			sourceTree = "<group>";
		};
		899A7FC219887FCC00F0597C /* Main.storyboard */ = {
			isa = PBXVariantGroup;
			children = (
				899A7FC319887FCC00F0597C /* Base */,
			);
			name = Main.storyboard;
			sourceTree = "<group>";
		};
		899A7FD819887FCC00F0597C /* InfoPlist.strings */ = {
			isa = PBXVariantGroup;
			children = (
				899A7FD919887FCC00F0597C /* en */,
			);
			name = InfoPlist.strings;
			sourceTree = "<group>";
		};
/* End PBXVariantGroup section */

/* Begin XCBuildConfiguration section */
		899A7FDD19887FCC00F0597C /* Debug */ = {
			isa = XCBuildConfiguration;
			buildSettings = {
				ALWAYS_SEARCH_USER_PATHS = NO;
				CLANG_CXX_LANGUAGE_STANDARD = "gnu++0x";
				CLANG_CXX_LIBRARY = "libc++";
				CLANG_ENABLE_MODULES = YES;
				CLANG_ENABLE_OBJC_ARC = YES;
				CLANG_WARN_BOOL_CONVERSION = YES;
				CLANG_WARN_CONSTANT_CONVERSION = YES;
				CLANG_WARN_DIRECT_OBJC_ISA_USAGE = YES_ERROR;
				CLANG_WARN_EMPTY_BODY = YES;
				CLANG_WARN_ENUM_CONVERSION = YES;
				CLANG_WARN_INT_CONVERSION = YES;
				CLANG_WARN_OBJC_ROOT_CLASS = YES_ERROR;
				CLANG_WARN__DUPLICATE_METHOD_MATCH = YES;
				"CODE_SIGN_IDENTITY[sdk=iphoneos*]" = "iPhone Developer";
				COPY_PHASE_STRIP = NO;
				GCC_C_LANGUAGE_STANDARD = gnu99;
				GCC_DYNAMIC_NO_PIC = NO;
				GCC_OPTIMIZATION_LEVEL = 0;
				GCC_PREPROCESSOR_DEFINITIONS = (
					"DEBUG=1",
					"$(inherited)",
				);
				GCC_SYMBOLS_PRIVATE_EXTERN = NO;
				GCC_WARN_64_TO_32_BIT_CONVERSION = YES;
				GCC_WARN_ABOUT_RETURN_TYPE = YES_ERROR;
				GCC_WARN_UNDECLARED_SELECTOR = YES;
				GCC_WARN_UNINITIALIZED_AUTOS = YES_AGGRESSIVE;
				GCC_WARN_UNUSED_FUNCTION = YES;
				GCC_WARN_UNUSED_VARIABLE = YES;
				IPHONEOS_DEPLOYMENT_TARGET = 7.1;
				ONLY_ACTIVE_ARCH = YES;
				SDKROOT = iphoneos;
			};
			name = Debug;
		};
		899A7FDE19887FCC00F0597C /* Release */ = {
			isa = XCBuildConfiguration;
			buildSettings = {
				ALWAYS_SEARCH_USER_PATHS = NO;
				CLANG_CXX_LANGUAGE_STANDARD = "gnu++0x";
				CLANG_CXX_LIBRARY = "libc++";
				CLANG_ENABLE_MODULES = YES;
				CLANG_ENABLE_OBJC_ARC = YES;
				CLANG_WARN_BOOL_CONVERSION = YES;
				CLANG_WARN_CONSTANT_CONVERSION = YES;
				CLANG_WARN_DIRECT_OBJC_ISA_USAGE = YES_ERROR;
				CLANG_WARN_EMPTY_BODY = YES;
				CLANG_WARN_ENUM_CONVERSION = YES;
				CLANG_WARN_INT_CONVERSION = YES;
				CLANG_WARN_OBJC_ROOT_CLASS = YES_ERROR;
				CLANG_WARN__DUPLICATE_METHOD_MATCH = YES;
				"CODE_SIGN_IDENTITY[sdk=iphoneos*]" = "iPhone Developer";
				COPY_PHASE_STRIP = YES;
				ENABLE_NS_ASSERTIONS = NO;
				GCC_C_LANGUAGE_STANDARD = gnu99;
				GCC_WARN_64_TO_32_BIT_CONVERSION = YES;
				GCC_WARN_ABOUT_RETURN_TYPE = YES_ERROR;
				GCC_WARN_UNDECLARED_SELECTOR = YES;
				GCC_WARN_UNINITIALIZED_AUTOS = YES_AGGRESSIVE;
				GCC_WARN_UNUSED_FUNCTION = YES;
				GCC_WARN_UNUSED_VARIABLE = YES;
				IPHONEOS_DEPLOYMENT_TARGET = 7.1;
				SDKROOT = iphoneos;
				VALIDATE_PRODUCT = YES;
			};
			name = Release;
		};
		899A7FE019887FCC00F0597C /* Debug */ = {
			isa = XCBuildConfiguration;
			buildSettings = {
				ASSETCATALOG_COMPILER_APPICON_NAME = AppIcon;
				ASSETCATALOG_COMPILER_LAUNCHIMAGE_NAME = LaunchImage;
				GCC_PRECOMPILE_PREFIX_HEADER = YES;
				GCC_PREFIX_HEADER = "Storyboarding/Storyboarding-Prefix.pch";
				INFOPLIST_FILE = "Storyboarding/Storyboarding-Info.plist";
				PRODUCT_NAME = "$(TARGET_NAME)";
				WRAPPER_EXTENSION = app;
			};
			name = Debug;
		};
		899A7FE119887FCC00F0597C /* Release */ = {
			isa = XCBuildConfiguration;
			buildSettings = {
				ASSETCATALOG_COMPILER_APPICON_NAME = AppIcon;
				ASSETCATALOG_COMPILER_LAUNCHIMAGE_NAME = LaunchImage;
				GCC_PRECOMPILE_PREFIX_HEADER = YES;
				GCC_PREFIX_HEADER = "Storyboarding/Storyboarding-Prefix.pch";
				INFOPLIST_FILE = "Storyboarding/Storyboarding-Info.plist";
				PRODUCT_NAME = "$(TARGET_NAME)";
				WRAPPER_EXTENSION = app;
			};
			name = Release;
		};
		899A7FE319887FCC00F0597C /* Debug */ = {
			isa = XCBuildConfiguration;
			buildSettings = {
				BUNDLE_LOADER = "$(BUILT_PRODUCTS_DIR)/Storyboarding.app/Storyboarding";
				FRAMEWORK_SEARCH_PATHS = (
					"$(SDKROOT)/Developer/Library/Frameworks",
					"$(inherited)",
					"$(DEVELOPER_FRAMEWORKS_DIR)",
				);
				GCC_PRECOMPILE_PREFIX_HEADER = YES;
				GCC_PREFIX_HEADER = "Storyboarding/Storyboarding-Prefix.pch";
				GCC_PREPROCESSOR_DEFINITIONS = (
					"DEBUG=1",
					"$(inherited)",
				);
				INFOPLIST_FILE = "StoryboardingTests/StoryboardingTests-Info.plist";
				PRODUCT_NAME = "$(TARGET_NAME)";
				TEST_HOST = "$(BUNDLE_LOADER)";
				WRAPPER_EXTENSION = xctest;
			};
			name = Debug;
		};
		899A7FE419887FCC00F0597C /* Release */ = {
			isa = XCBuildConfiguration;
			buildSettings = {
				BUNDLE_LOADER = "$(BUILT_PRODUCTS_DIR)/Storyboarding.app/Storyboarding";
				FRAMEWORK_SEARCH_PATHS = (
					"$(SDKROOT)/Developer/Library/Frameworks",
					"$(inherited)",
					"$(DEVELOPER_FRAMEWORKS_DIR)",
				);
				GCC_PRECOMPILE_PREFIX_HEADER = YES;
				GCC_PREFIX_HEADER = "Storyboarding/Storyboarding-Prefix.pch";
				INFOPLIST_FILE = "StoryboardingTests/StoryboardingTests-Info.plist";
				PRODUCT_NAME = "$(TARGET_NAME)";
				TEST_HOST = "$(BUNDLE_LOADER)";
				WRAPPER_EXTENSION = xctest;
			};
			name = Release;
		};
/* End XCBuildConfiguration section */

/* Begin XCConfigurationList section */
		899A7FA819887FCC00F0597C /* Build configuration list for PBXProject "Storyboarding" */ = {
			isa = XCConfigurationList;
			buildConfigurations = (
				899A7FDD19887FCC00F0597C /* Debug */,
				899A7FDE19887FCC00F0597C /* Release */,
			);
			defaultConfigurationIsVisible = 0;
			defaultConfigurationName = Release;
		};
		899A7FDF19887FCC00F0597C /* Build configuration list for PBXNativeTarget "Storyboarding" */ = {
			isa = XCConfigurationList;
			buildConfigurations = (
				899A7FE019887FCC00F0597C /* Debug */,
				899A7FE119887FCC00F0597C /* Release */,
			);
			defaultConfigurationIsVisible = 0;
		};
		899A7FE219887FCC00F0597C /* Build configuration list for PBXNativeTarget "StoryboardingTests" */ = {
			isa = XCConfigurationList;
			buildConfigurations = (
				899A7FE319887FCC00F0597C /* Debug */,
				899A7FE419887FCC00F0597C /* Release */,
			);
			defaultConfigurationIsVisible = 0;
		};
/* End XCConfigurationList section */
	};
	rootObject = 899A7FA519887FCC00F0597C /* Project object */;
}
